
Microsoft Visual Studio Solution File, Format Version 12.00
# Visual Studio Version 16
VisualStudioVersion = 16.0.31205.134
MinimumVisualStudioVersion = 10.0.40219.1
Project("{FAE04EC0-301F-11D3-BF4B-00C04F79EFBC}") = "CovidMap", "CovidMap\CovidMap.csproj", "{CFE70B31-850F-4713-A440-DF1B94ECD6D8}"
EndProject
Global
	GlobalSection(SolutionConfigurationPlatforms) = preSolution
		Debug|Any CPU = Debug|Any CPU
		Release|Any CPU = Release|Any CPU
	EndGlobalSection
	GlobalSection(ProjectConfigurationPlatforms) = postSolution
		{CFE70B31-850F-4713-A440-DF1B94ECD6D8}.Debug|Any CPU.ActiveCfg = Debug|Any CPU
		{CFE70B31-850F-4713-A440-DF1B94ECD6D8}.Debug|Any CPU.Build.0 = Debug|Any CPU
		{CFE70B31-850F-4713-A440-DF1B94ECD6D8}.Release|Any CPU.ActiveCfg = Release|Any CPU
		{CFE70B31-850F-4713-A440-DF1B94ECD6D8}.Release|Any CPU.Build.0 = Release|Any CPU
	EndGlobalSection
	GlobalSection(SolutionProperties) = preSolution
		HideSolutionNode = FALSE
	EndGlobalSection
	GlobalSection(ExtensibilityGlobals) = postSolution
		SolutionGuid = {D40F774E-EF69-402D-8E82-4EC58AAFE566}
	EndGlobalSection
EndGlobal
